
Microsoft Visual Studio Solution File, Format Version 12.00
# Visual Studio Version 16
VisualStudioVersion = 16.0.30225.117
MinimumVisualStudioVersion = 10.0.40219.1
Project("{FAE04EC0-301F-11D3-BF4B-00C04F79EFBC}") = "NVAN Flightdeck Solutions MCDU Flight Factor A320 Connector", "NVAN Flightdeck Solutions MCDU Flight Factor A320 Connector.csproj", "{2532A931-7E12-4F2C-BE73-666284832672}"
EndProject
Global
	GlobalSection(SolutionConfigurationPlatforms) = preSolution
		Debug|Any CPU = Debug|Any CPU
		Release|Any CPU = Release|Any CPU
	EndGlobalSection
	GlobalSection(ProjectConfigurationPlatforms) = postSolution
		{2532A931-7E12-4F2C-BE73-666284832672}.Debug|Any CPU.ActiveCfg = Debug|Any CPU
		{2532A931-7E12-4F2C-BE73-666284832672}.Debug|Any CPU.Build.0 = Debug|Any CPU
		{2532A931-7E12-4F2C-BE73-666284832672}.Release|Any CPU.ActiveCfg = Release|Any CPU
		{2532A931-7E12-4F2C-BE73-666284832672}.Release|Any CPU.Build.0 = Release|Any CPU
	EndGlobalSection
	GlobalSection(SolutionProperties) = preSolution
		HideSolutionNode = FALSE
	EndGlobalSection
	GlobalSection(ExtensibilityGlobals) = postSolution
		SolutionGuid = {5A046F35-7792-4617-AEF6-89697DAF137E}
	EndGlobalSection
EndGlobal
